
Microsoft Visual Studio Solution File, Format Version 12.00
# Visual Studio Version 17
VisualStudioVersion = 17.14.36518.9 d17.14
MinimumVisualStudioVersion = 10.0.40219.1
Project("{FAE04EC0-301F-11D3-BF4B-00C04F79EFBC}") = "15.Upcasting and Downcasting, Explicit and Implicit,Finalize (Destructor)", "15.Upcasting and Downcasting, Explicit and Implicit,Finalize (Destructor).csproj", "{82C5EED8-DA43-4AA4-A3F0-B55819BB81B5}"
EndProject
Global
	GlobalSection(SolutionConfigurationPlatforms) = preSolution
		Debug|Any CPU = Debug|Any CPU
		Release|Any CPU = Release|Any CPU
	EndGlobalSection
	GlobalSection(ProjectConfigurationPlatforms) = postSolution
		{82C5EED8-DA43-4AA4-A3F0-B55819BB81B5}.Debug|Any CPU.ActiveCfg = Debug|Any CPU
		{82C5EED8-DA43-4AA4-A3F0-B55819BB81B5}.Debug|Any CPU.Build.0 = Debug|Any CPU
		{82C5EED8-DA43-4AA4-A3F0-B55819BB81B5}.Release|Any CPU.ActiveCfg = Release|Any CPU
		{82C5EED8-DA43-4AA4-A3F0-B55819BB81B5}.Release|Any CPU.Build.0 = Release|Any CPU
	EndGlobalSection
	GlobalSection(SolutionProperties) = preSolution
		HideSolutionNode = FALSE
	EndGlobalSection
	GlobalSection(ExtensibilityGlobals) = postSolution
		SolutionGuid = {C398F6FB-C862-46DC-B235-1B1494DE73B5}
	EndGlobalSection
EndGlobal
