
Microsoft Visual Studio Solution File, Format Version 12.00
# Visual Studio Version 17
VisualStudioVersion = 17.14.36518.9 d17.14
MinimumVisualStudioVersion = 10.0.40219.1
Project("{FAE04EC0-301F-11D3-BF4B-00C04F79EFBC}") = "11.AbstractClassPolymorphismForEach", "11.AbstractClassPolymorphismForEach.csproj", "{912783FD-991C-4B1F-AA9E-CF47D7A0FA36}"
EndProject
Global
	GlobalSection(SolutionConfigurationPlatforms) = preSolution
		Debug|Any CPU = Debug|Any CPU
		Release|Any CPU = Release|Any CPU
	EndGlobalSection
	GlobalSection(ProjectConfigurationPlatforms) = postSolution
		{912783FD-991C-4B1F-AA9E-CF47D7A0FA36}.Debug|Any CPU.ActiveCfg = Debug|Any CPU
		{912783FD-991C-4B1F-AA9E-CF47D7A0FA36}.Debug|Any CPU.Build.0 = Debug|Any CPU
		{912783FD-991C-4B1F-AA9E-CF47D7A0FA36}.Release|Any CPU.ActiveCfg = Release|Any CPU
		{912783FD-991C-4B1F-AA9E-CF47D7A0FA36}.Release|Any CPU.Build.0 = Release|Any CPU
	EndGlobalSection
	GlobalSection(SolutionProperties) = preSolution
		HideSolutionNode = FALSE
	EndGlobalSection
	GlobalSection(ExtensibilityGlobals) = postSolution
		SolutionGuid = {C4E6A086-2EE1-40B1-A074-E3849B3AD0B4}
	EndGlobalSection
EndGlobal
